
Microsoft Visual Studio Solution File, Format Version 12.00
# Visual Studio Version 17
VisualStudioVersion = 17.10.35004.147
MinimumVisualStudioVersion = 10.0.40219.1
Project("{FAE04EC0-301F-11D3-BF4B-00C04F79EFBC}") = "GraphSharePointListItemsSdk", "GraphSharePointListItemsSdk\GraphSharePointListItemsSdk.csproj", "{2E34ACCC-6E82-4739-A9B7-8AEE08462FE8}"
EndProject
Global
	GlobalSection(SolutionConfigurationPlatforms) = preSolution
		Debug|Any CPU = Debug|Any CPU
		Release|Any CPU = Release|Any CPU
	EndGlobalSection
	GlobalSection(ProjectConfigurationPlatforms) = postSolution
		{2E34ACCC-6E82-4739-A9B7-8AEE08462FE8}.Debug|Any CPU.ActiveCfg = Debug|Any CPU
		{2E34ACCC-6E82-4739-A9B7-8AEE08462FE8}.Debug|Any CPU.Build.0 = Debug|Any CPU
		{2E34ACCC-6E82-4739-A9B7-8AEE08462FE8}.Release|Any CPU.ActiveCfg = Release|Any CPU
		{2E34ACCC-6E82-4739-A9B7-8AEE08462FE8}.Release|Any CPU.Build.0 = Release|Any CPU
	EndGlobalSection
	GlobalSection(SolutionProperties) = preSolution
		HideSolutionNode = FALSE
	EndGlobalSection
	GlobalSection(ExtensibilityGlobals) = postSolution
		SolutionGuid = {DADAC217-9353-4E27-B2F3-53A0FC81CBAD}
	EndGlobalSection
EndGlobal
