
Microsoft Visual Studio Solution File, Format Version 12.00
# Visual Studio Version 17
VisualStudioVersion = 17.10.35004.147
MinimumVisualStudioVersion = 10.0.40219.1
Project("{FAE04EC0-301F-11D3-BF4B-00C04F79EFBC}") = "GraphSharePointListsSdk", "GraphSharePointListsSdk\GraphSharePointListsSdk.csproj", "{913B63C3-1275-4420-A330-395E373280C2}"
EndProject
Global
	GlobalSection(SolutionConfigurationPlatforms) = preSolution
		Debug|Any CPU = Debug|Any CPU
		Release|Any CPU = Release|Any CPU
	EndGlobalSection
	GlobalSection(ProjectConfigurationPlatforms) = postSolution
		{913B63C3-1275-4420-A330-395E373280C2}.Debug|Any CPU.ActiveCfg = Debug|Any CPU
		{913B63C3-1275-4420-A330-395E373280C2}.Debug|Any CPU.Build.0 = Debug|Any CPU
		{913B63C3-1275-4420-A330-395E373280C2}.Release|Any CPU.ActiveCfg = Release|Any CPU
		{913B63C3-1275-4420-A330-395E373280C2}.Release|Any CPU.Build.0 = Release|Any CPU
	EndGlobalSection
	GlobalSection(SolutionProperties) = preSolution
		HideSolutionNode = FALSE
	EndGlobalSection
	GlobalSection(ExtensibilityGlobals) = postSolution
		SolutionGuid = {0A704FFC-20CB-47A5-9A05-ACC72C6FA6C9}
	EndGlobalSection
EndGlobal
