
Microsoft Visual Studio Solution File, Format Version 12.00
# Visual Studio Version 17
VisualStudioVersion = 17.10.35004.147
MinimumVisualStudioVersion = 10.0.40219.1
Project("{FAE04EC0-301F-11D3-BF4B-00C04F79EFBC}") = "GraphSharePointListItems", "GraphSharePointListItems\GraphSharePointListItems.csproj", "{11B5F9EE-0FB8-4AC1-B9A9-D93A15490A07}"
EndProject
Global
	GlobalSection(SolutionConfigurationPlatforms) = preSolution
		Debug|Any CPU = Debug|Any CPU
		Release|Any CPU = Release|Any CPU
	EndGlobalSection
	GlobalSection(ProjectConfigurationPlatforms) = postSolution
		{11B5F9EE-0FB8-4AC1-B9A9-D93A15490A07}.Debug|Any CPU.ActiveCfg = Debug|Any CPU
		{11B5F9EE-0FB8-4AC1-B9A9-D93A15490A07}.Debug|Any CPU.Build.0 = Debug|Any CPU
		{11B5F9EE-0FB8-4AC1-B9A9-D93A15490A07}.Release|Any CPU.ActiveCfg = Release|Any CPU
		{11B5F9EE-0FB8-4AC1-B9A9-D93A15490A07}.Release|Any CPU.Build.0 = Release|Any CPU
	EndGlobalSection
	GlobalSection(SolutionProperties) = preSolution
		HideSolutionNode = FALSE
	EndGlobalSection
	GlobalSection(ExtensibilityGlobals) = postSolution
		SolutionGuid = {1C6B2A63-6977-4380-9450-5C1F1424850C}
	EndGlobalSection
EndGlobal
